// !$*UTF8*$!
{
	archiveVersion = 1;
	classes = {
	};
	objectVersion = 77;
	objects = {

/* Begin PBXBuildFile section */
		46AE2AA12F0125BD0061B2EE /* KakaoSDK in Frameworks */ = {isa = PBXBuildFile; productRef = 46AE2AA02F0125BD0061B2EE /* KakaoSDK */; };
		46AE2AA32F0125BD0061B2EE /* KakaoSDKAuth in Frameworks */ = {isa = PBXBuildFile; productRef = 46AE2AA22F0125BD0061B2EE /* KakaoSDKAuth */; };
		46C6475C2F06B813009F030A /* MarkdownUI in Frameworks */ = {isa = PBXBuildFile; productRef = 46C6475B2F06B813009F030A /* MarkdownUI */; };
		46C647632F06D960009F030A /* Lottie in Frameworks */ = {isa = PBXBuildFile; productRef = 46C647622F06D960009F030A /* Lottie */; };
		46C65A642F13E1FA009F030A /* FirebaseCore in Frameworks */ = {isa = PBXBuildFile; productRef = 46C65A632F13E1FA009F030A /* FirebaseCore */; };
		46C65A6C2F13EB11009F030A /* FirebaseMessaging in Frameworks */ = {isa = PBXBuildFile; productRef = 46C65A6B2F13EB11009F030A /* FirebaseMessaging */; };
		46E995172F1E6C3E009946C1 /* InfoPlist.xcstrings in Resources */ = {isa = PBXBuildFile; fileRef = 46E995162F1E6C3E009946C1 /* InfoPlist.xcstrings */; };
		46FE6B842EEACE0B009E626A /* ComposableArchitecture in Frameworks */ = {isa = PBXBuildFile; productRef = 46FE6B832EEACE0B009E626A /* ComposableArchitecture */; };
/* End PBXBuildFile section */

/* Begin PBXContainerItemProxy section */
		46FE667C2EE17711009E626A /* PBXContainerItemProxy */ = {
			isa = PBXContainerItemProxy;
			containerPortal = 46FE66662EE1770D009E626A /* Project object */;
			proxyType = 1;
			remoteGlobalIDString = 46FE666D2EE1770E009E626A;
			remoteInfo = TeumTeumEat;
		};
		46FE66862EE17711009E626A /* PBXContainerItemProxy */ = {
			isa = PBXContainerItemProxy;
			containerPortal = 46FE66662EE1770D009E626A /* Project object */;
			proxyType = 1;
			remoteGlobalIDString = 46FE666D2EE1770E009E626A;
			remoteInfo = TeumTeumEat;
		};
/* End PBXContainerItemProxy section */

/* Begin PBXFileReference section */
		46E995162F1E6C3E009946C1 /* InfoPlist.xcstrings */ = {isa = PBXFileReference; lastKnownFileType = text.json.xcstrings; path = InfoPlist.xcstrings; sourceTree = "<group>"; };
		46FE666E2EE1770E009E626A /* TeumTeumEat.app */ = {isa = PBXFileReference; explicitFileType = wrapper.application; includeInIndex = 0; path = TeumTeumEat.app; sourceTree = BUILT_PRODUCTS_DIR; };
		46FE667B2EE17711009E626A /* TeumTeumEatTests.xctest */ = {isa = PBXFileReference; explicitFileType = wrapper.cfbundle; includeInIndex = 0; path = TeumTeumEatTests.xctest; sourceTree = BUILT_PRODUCTS_DIR; };
		46FE66852EE17711009E626A /* TeumTeumEatUITests.xctest */ = {isa = PBXFileReference; explicitFileType = wrapper.cfbundle; includeInIndex = 0; path = TeumTeumEatUITests.xctest; sourceTree = BUILT_PRODUCTS_DIR; };
/* End PBXFileReference section */

/* Begin PBXFileSystemSynchronizedBuildFileExceptionSet section */
		46FE73E12EF4E19A009E626A /* Exceptions for "TeumTeumEat" folder in "TeumTeumEat" target */ = {
			isa = PBXFileSystemSynchronizedBuildFileExceptionSet;
			membershipExceptions = (
				Info.plist,
			);
			target = 46FE666D2EE1770E009E626A /* TeumTeumEat */;
		};
/* End PBXFileSystemSynchronizedBuildFileExceptionSet section */

/* Begin PBXFileSystemSynchronizedRootGroup section */
		46FE66702EE1770E009E626A /* TeumTeumEat */ = {
			isa = PBXFileSystemSynchronizedRootGroup;
			exceptions = (
				46FE73E12EF4E19A009E626A /* Exceptions for "TeumTeumEat" folder in "TeumTeumEat" target */,
			);
			path = TeumTeumEat;
			sourceTree = "<group>";
		};
		46FE667E2EE17711009E626A /* TeumTeumEatTests */ = {
			isa = PBXFileSystemSynchronizedRootGroup;
			path = TeumTeumEatTests;
			sourceTree = "<group>";
		};
		46FE66882EE17711009E626A /* TeumTeumEatUITests */ = {
			isa = PBXFileSystemSynchronizedRootGroup;
			path = TeumTeumEatUITests;
			sourceTree = "<group>";
		};
/* End PBXFileSystemSynchronizedRootGroup section */

/* Begin PBXFrameworksBuildPhase section */
		46FE666B2EE1770E009E626A /* Frameworks */ = {
			isa = PBXFrameworksBuildPhase;
			buildActionMask = 2147483647;
			files = (
				46C647632F06D960009F030A /* Lottie in Frameworks */,
				46FE6B842EEACE0B009E626A /* ComposableArchitecture in Frameworks */,
				46C65A6C2F13EB11009F030A /* FirebaseMessaging in Frameworks */,
				46AE2AA12F0125BD0061B2EE /* KakaoSDK in Frameworks */,
				46AE2AA32F0125BD0061B2EE /* KakaoSDKAuth in Frameworks */,
				46C65A642F13E1FA009F030A /* FirebaseCore in Frameworks */,
				46C6475C2F06B813009F030A /* MarkdownUI in Frameworks */,
			);
			runOnlyForDeploymentPostprocessing = 0;
		};
		46FE66782EE17711009E626A /* Frameworks */ = {
			isa = PBXFrameworksBuildPhase;
			buildActionMask = 2147483647;
			files = (
			);
			runOnlyForDeploymentPostprocessing = 0;
		};
		46FE66822EE17711009E626A /* Frameworks */ = {
			isa = PBXFrameworksBuildPhase;
			buildActionMask = 2147483647;
			files = (
			);
			runOnlyForDeploymentPostprocessing = 0;
		};
/* End PBXFrameworksBuildPhase section */

/* Begin PBXGroup section */
		46FE66652EE1770D009E626A = {
			isa = PBXGroup;
			children = (
				46E995162F1E6C3E009946C1 /* InfoPlist.xcstrings */,
				46FE66702EE1770E009E626A /* TeumTeumEat */,
				46FE667E2EE17711009E626A /* TeumTeumEatTests */,
				46FE66882EE17711009E626A /* TeumTeumEatUITests */,
				46FE666F2EE1770E009E626A /* Products */,
			);
			sourceTree = "<group>";
		};
		46FE666F2EE1770E009E626A /* Products */ = {
			isa = PBXGroup;
			children = (
				46FE666E2EE1770E009E626A /* TeumTeumEat.app */,
				46FE667B2EE17711009E626A /* TeumTeumEatTests.xctest */,
				46FE66852EE17711009E626A /* TeumTeumEatUITests.xctest */,
			);
			name = Products;
			sourceTree = "<group>";
		};
/* End PBXGroup section */

/* Begin PBXNativeTarget section */
		46FE666D2EE1770E009E626A /* TeumTeumEat */ = {
			isa = PBXNativeTarget;
			buildConfigurationList = 46FE668F2EE17711009E626A /* Build configuration list for PBXNativeTarget "TeumTeumEat" */;
			buildPhases = (
				46FE666A2EE1770E009E626A /* Sources */,
				46FE666B2EE1770E009E626A /* Frameworks */,
				46FE666C2EE1770E009E626A /* Resources */,
			);
			buildRules = (
			);
			dependencies = (
			);
			fileSystemSynchronizedGroups = (
				46FE66702EE1770E009E626A /* TeumTeumEat */,
			);
			name = TeumTeumEat;
			packageProductDependencies = (
				46FE6B832EEACE0B009E626A /* ComposableArchitecture */,
				46AE2AA02F0125BD0061B2EE /* KakaoSDK */,
				46AE2AA22F0125BD0061B2EE /* KakaoSDKAuth */,
				46C6475B2F06B813009F030A /* MarkdownUI */,
				46C647622F06D960009F030A /* Lottie */,
				46C65A632F13E1FA009F030A /* FirebaseCore */,
				46C65A6B2F13EB11009F030A /* FirebaseMessaging */,
			);
			productName = TeumTeumEat;
			productReference = 46FE666E2EE1770E009E626A /* TeumTeumEat.app */;
			productType = "com.apple.product-type.application";
		};
		46FE667A2EE17711009E626A /* TeumTeumEatTests */ = {
			isa = PBXNativeTarget;
			buildConfigurationList = 46FE66922EE17711009E626A /* Build configuration list for PBXNativeTarget "TeumTeumEatTests" */;
			buildPhases = (
				46FE66772EE17711009E626A /* Sources */,
				46FE66782EE17711009E626A /* Frameworks */,
				46FE66792EE17711009E626A /* Resources */,
			);
			buildRules = (
			);
			dependencies = (
				46FE667D2EE17711009E626A /* PBXTargetDependency */,
			);
			fileSystemSynchronizedGroups = (
				46FE667E2EE17711009E626A /* TeumTeumEatTests */,
			);
			name = TeumTeumEatTests;
			packageProductDependencies = (
			);
			productName = TeumTeumEatTests;
			productReference = 46FE667B2EE17711009E626A /* TeumTeumEatTests.xctest */;
			productType = "com.apple.product-type.bundle.unit-test";
		};
		46FE66842EE17711009E626A /* TeumTeumEatUITests */ = {
			isa = PBXNativeTarget;
			buildConfigurationList = 46FE66952EE17711009E626A /* Build configuration list for PBXNativeTarget "TeumTeumEatUITests" */;
			buildPhases = (
				46FE66812EE17711009E626A /* Sources */,
				46FE66822EE17711009E626A /* Frameworks */,
				46FE66832EE17711009E626A /* Resources */,
			);
			buildRules = (
			);
			dependencies = (
				46FE66872EE17711009E626A /* PBXTargetDependency */,
			);
			fileSystemSynchronizedGroups = (
				46FE66882EE17711009E626A /* TeumTeumEatUITests */,
			);
			name = TeumTeumEatUITests;
			packageProductDependencies = (
			);
			productName = TeumTeumEatUITests;
			productReference = 46FE66852EE17711009E626A /* TeumTeumEatUITests.xctest */;
			productType = "com.apple.product-type.bundle.ui-testing";
		};
/* End PBXNativeTarget section */

/* Begin PBXProject section */
		46FE66662EE1770D009E626A /* Project object */ = {
			isa = PBXProject;
			attributes = {
				BuildIndependentTargetsInParallel = 1;
				LastSwiftUpdateCheck = 1640;
				LastUpgradeCheck = 1640;
				TargetAttributes = {
					46FE666D2EE1770E009E626A = {
						CreatedOnToolsVersion = 16.4;
					};
					46FE667A2EE17711009E626A = {
						CreatedOnToolsVersion = 16.4;
						TestTargetID = 46FE666D2EE1770E009E626A;
					};
					46FE66842EE17711009E626A = {
						CreatedOnToolsVersion = 16.4;
						TestTargetID = 46FE666D2EE1770E009E626A;
					};
				};
			};
			buildConfigurationList = 46FE66692EE1770D009E626A /* Build configuration list for PBXProject "TeumTeumEat" */;
			developmentRegion = en;
			hasScannedForEncodings = 0;
			knownRegions = (
				en,
				Base,
				ko,
			);
			mainGroup = 46FE66652EE1770D009E626A;
			minimizedProjectReferenceProxies = 1;
			packageReferences = (
				46FE6B822EEACE0B009E626A /* XCRemoteSwiftPackageReference "swift-composable-architecture" */,
				46AE2A9F2F0125BD0061B2EE /* XCRemoteSwiftPackageReference "kakao-ios-sdk" */,
				46C6475A2F06B813009F030A /* XCRemoteSwiftPackageReference "swift-markdown-ui" */,
				46C647612F06D960009F030A /* XCRemoteSwiftPackageReference "lottie-ios" */,
				46C65A622F13E1FA009F030A /* XCRemoteSwiftPackageReference "firebase-ios-sdk" */,
			);
			preferredProjectObjectVersion = 77;
			productRefGroup = 46FE666F2EE1770E009E626A /* Products */;
			projectDirPath = "";
			projectRoot = "";
			targets = (
				46FE666D2EE1770E009E626A /* TeumTeumEat */,
				46FE667A2EE17711009E626A /* TeumTeumEatTests */,
				46FE66842EE17711009E626A /* TeumTeumEatUITests */,
			);
		};
/* End PBXProject section */

/* Begin PBXResourcesBuildPhase section */
		46FE666C2EE1770E009E626A /* Resources */ = {
			isa = PBXResourcesBuildPhase;
			buildActionMask = 2147483647;
			files = (
				46E995172F1E6C3E009946C1 /* InfoPlist.xcstrings in Resources */,
			);
			runOnlyForDeploymentPostprocessing = 0;
		};
		46FE66792EE17711009E626A /* Resources */ = {
			isa = PBXResourcesBuildPhase;
			buildActionMask = 2147483647;
			files = (
			);
			runOnlyForDeploymentPostprocessing = 0;
		};
		46FE66832EE17711009E626A /* Resources */ = {
			isa = PBXResourcesBuildPhase;
			buildActionMask = 2147483647;
			files = (
			);
			runOnlyForDeploymentPostprocessing = 0;
		};
/* End PBXResourcesBuildPhase section */

/* Begin PBXSourcesBuildPhase section */
		46FE666A2EE1770E009E626A /* Sources */ = {
			isa = PBXSourcesBuildPhase;
			buildActionMask = 2147483647;
			files = (
			);
			runOnlyForDeploymentPostprocessing = 0;
		};
		46FE66772EE17711009E626A /* Sources */ = {
			isa = PBXSourcesBuildPhase;
			buildActionMask = 2147483647;
			files = (
			);
			runOnlyForDeploymentPostprocessing = 0;
		};
		46FE66812EE17711009E626A /* Sources */ = {
			isa = PBXSourcesBuildPhase;
			buildActionMask = 2147483647;
			files = (
			);
			runOnlyForDeploymentPostprocessing = 0;
		};
/* End PBXSourcesBuildPhase section */

/* Begin PBXTargetDependency section */
		46FE667D2EE17711009E626A /* PBXTargetDependency */ = {
			isa = PBXTargetDependency;
			target = 46FE666D2EE1770E009E626A /* TeumTeumEat */;
			targetProxy = 46FE667C2EE17711009E626A /* PBXContainerItemProxy */;
		};
		46FE66872EE17711009E626A /* PBXTargetDependency */ = {
			isa = PBXTargetDependency;
			target = 46FE666D2EE1770E009E626A /* TeumTeumEat */;
			targetProxy = 46FE66862EE17711009E626A /* PBXContainerItemProxy */;
		};
/* End PBXTargetDependency section */

/* Begin XCBuildConfiguration section */
		46FE668D2EE17711009E626A /* Debug */ = {
			isa = XCBuildConfiguration;
			buildSettings = {
				ALWAYS_SEARCH_USER_PATHS = NO;
				ASSETCATALOG_COMPILER_GENERATE_SWIFT_ASSET_SYMBOL_EXTENSIONS = YES;
				CLANG_ANALYZER_NONNULL = YES;
				CLANG_ANALYZER_NUMBER_OBJECT_CONVERSION = YES_AGGRESSIVE;
				CLANG_CXX_LANGUAGE_STANDARD = "gnu++20";
				CLANG_ENABLE_MODULES = YES;
				CLANG_ENABLE_OBJC_ARC = YES;
				CLANG_ENABLE_OBJC_WEAK = YES;
				CLANG_WARN_BLOCK_CAPTURE_AUTORELEASING = YES;
				CLANG_WARN_BOOL_CONVERSION = YES;
				CLANG_WARN_COMMA = YES;
				CLANG_WARN_CONSTANT_CONVERSION = YES;
				CLANG_WARN_DEPRECATED_OBJC_IMPLEMENTATIONS = YES;
				CLANG_WARN_DIRECT_OBJC_ISA_USAGE = YES_ERROR;
				CLANG_WARN_DOCUMENTATION_COMMENTS = YES;
				CLANG_WARN_EMPTY_BODY = YES;
				CLANG_WARN_ENUM_CONVERSION = YES;
				CLANG_WARN_INFINITE_RECURSION = YES;
				CLANG_WARN_INT_CONVERSION = YES;
				CLANG_WARN_NON_LITERAL_NULL_CONVERSION = YES;
				CLANG_WARN_OBJC_IMPLICIT_RETAIN_SELF = YES;
				CLANG_WARN_OBJC_LITERAL_CONVERSION = YES;
				CLANG_WARN_OBJC_ROOT_CLASS = YES_ERROR;
				CLANG_WARN_QUOTED_INCLUDE_IN_FRAMEWORK_HEADER = YES;
				CLANG_WARN_RANGE_LOOP_ANALYSIS = YES;
				CLANG_WARN_STRICT_PROTOTYPES = YES;
				CLANG_WARN_SUSPICIOUS_MOVE = YES;
				CLANG_WARN_UNGUARDED_AVAILABILITY = YES_AGGRESSIVE;
				CLANG_WARN_UNREACHABLE_CODE = YES;
				CLANG_WARN__DUPLICATE_METHOD_MATCH = YES;
				COPY_PHASE_STRIP = NO;
				DEBUG_INFORMATION_FORMAT = dwarf;
				DEVELOPMENT_TEAM = 7K76RWRQBL;
				ENABLE_STRICT_OBJC_MSGSEND = YES;
				ENABLE_TESTABILITY = YES;
				ENABLE_USER_SCRIPT_SANDBOXING = YES;
				GCC_C_LANGUAGE_STANDARD = gnu17;
				GCC_DYNAMIC_NO_PIC = NO;
				GCC_NO_COMMON_BLOCKS = YES;
				GCC_OPTIMIZATION_LEVEL = 0;
				GCC_PREPROCESSOR_DEFINITIONS = (
					"DEBUG=1",
					"$(inherited)",
				);
				GCC_WARN_64_TO_32_BIT_CONVERSION = YES;
				GCC_WARN_ABOUT_RETURN_TYPE = YES_ERROR;
				GCC_WARN_UNDECLARED_SELECTOR = YES;
				GCC_WARN_UNINITIALIZED_AUTOS = YES_AGGRESSIVE;
				GCC_WARN_UNUSED_FUNCTION = YES;
				GCC_WARN_UNUSED_VARIABLE = YES;
				IPHONEOS_DEPLOYMENT_TARGET = 18.5;
				LOCALIZATION_PREFERS_STRING_CATALOGS = YES;
				MTL_ENABLE_DEBUG_INFO = INCLUDE_SOURCE;
				MTL_FAST_MATH = YES;
				ONLY_ACTIVE_ARCH = YES;
				SDKROOT = iphoneos;
				SWIFT_ACTIVE_COMPILATION_CONDITIONS = "DEBUG $(inherited)";
				SWIFT_EMIT_LOC_STRINGS = YES;
				SWIFT_OPTIMIZATION_LEVEL = "-Onone";
			};
			name = Debug;
		};
		46FE668E2EE17711009E626A /* Release */ = {
			isa = XCBuildConfiguration;
			buildSettings = {
				ALWAYS_SEARCH_USER_PATHS = NO;
				ASSETCATALOG_COMPILER_GENERATE_SWIFT_ASSET_SYMBOL_EXTENSIONS = YES;
				CLANG_ANALYZER_NONNULL = YES;
				CLANG_ANALYZER_NUMBER_OBJECT_CONVERSION = YES_AGGRESSIVE;
				CLANG_CXX_LANGUAGE_STANDARD = "gnu++20";
				CLANG_ENABLE_MODULES = YES;
				CLANG_ENABLE_OBJC_ARC = YES;
				CLANG_ENABLE_OBJC_WEAK = YES;
				CLANG_WARN_BLOCK_CAPTURE_AUTORELEASING = YES;
				CLANG_WARN_BOOL_CONVERSION = YES;
				CLANG_WARN_COMMA = YES;
				CLANG_WARN_CONSTANT_CONVERSION = YES;
				CLANG_WARN_DEPRECATED_OBJC_IMPLEMENTATIONS = YES;
				CLANG_WARN_DIRECT_OBJC_ISA_USAGE = YES_ERROR;
				CLANG_WARN_DOCUMENTATION_COMMENTS = YES;
				CLANG_WARN_EMPTY_BODY = YES;
				CLANG_WARN_ENUM_CONVERSION = YES;
				CLANG_WARN_INFINITE_RECURSION = YES;
				CLANG_WARN_INT_CONVERSION = YES;
				CLANG_WARN_NON_LITERAL_NULL_CONVERSION = YES;
				CLANG_WARN_OBJC_IMPLICIT_RETAIN_SELF = YES;
				CLANG_WARN_OBJC_LITERAL_CONVERSION = YES;
				CLANG_WARN_OBJC_ROOT_CLASS = YES_ERROR;
				CLANG_WARN_QUOTED_INCLUDE_IN_FRAMEWORK_HEADER = YES;
				CLANG_WARN_RANGE_LOOP_ANALYSIS = YES;
				CLANG_WARN_STRICT_PROTOTYPES = YES;
				CLANG_WARN_SUSPICIOUS_MOVE = YES;
				CLANG_WARN_UNGUARDED_AVAILABILITY = YES_AGGRESSIVE;
				CLANG_WARN_UNREACHABLE_CODE = YES;
				CLANG_WARN__DUPLICATE_METHOD_MATCH = YES;
				COPY_PHASE_STRIP = NO;
				DEBUG_INFORMATION_FORMAT = "dwarf-with-dsym";
				DEVELOPMENT_TEAM = 7K76RWRQBL;
				ENABLE_NS_ASSERTIONS = NO;
				ENABLE_STRICT_OBJC_MSGSEND = YES;
				ENABLE_USER_SCRIPT_SANDBOXING = YES;
				GCC_C_LANGUAGE_STANDARD = gnu17;
				GCC_NO_COMMON_BLOCKS = YES;
				GCC_WARN_64_TO_32_BIT_CONVERSION = YES;
				GCC_WARN_ABOUT_RETURN_TYPE = YES_ERROR;
				GCC_WARN_UNDECLARED_SELECTOR = YES;
				GCC_WARN_UNINITIALIZED_AUTOS = YES_AGGRESSIVE;
				GCC_WARN_UNUSED_FUNCTION = YES;
				GCC_WARN_UNUSED_VARIABLE = YES;
				IPHONEOS_DEPLOYMENT_TARGET = 18.5;
				LOCALIZATION_PREFERS_STRING_CATALOGS = YES;
				MTL_ENABLE_DEBUG_INFO = NO;
				MTL_FAST_MATH = YES;
				SDKROOT = iphoneos;
				SWIFT_COMPILATION_MODE = wholemodule;
				SWIFT_EMIT_LOC_STRINGS = YES;
				VALIDATE_PRODUCT = YES;
			};
			name = Release;
		};
		46FE66902EE17711009E626A /* Debug */ = {
			isa = XCBuildConfiguration;
			baseConfigurationReferenceAnchor = 46FE66702EE1770E009E626A /* TeumTeumEat */;
			baseConfigurationReferenceRelativePath = Resources/Config.xcconfig;
			buildSettings = {
				ASSETCATALOG_COMPILER_APPICON_NAME = AppIcon;
				ASSETCATALOG_COMPILER_GLOBAL_ACCENT_COLOR_NAME = AccentColor;
				CODE_SIGN_ENTITLEMENTS = TeumTeumEat/TeumTeumEat.entitlements;
				CODE_SIGN_IDENTITY = "Apple Development";
				CODE_SIGN_STYLE = Automatic;
				CURRENT_PROJECT_VERSION = 1;
				DEVELOPMENT_TEAM = 3PVV8DQPL6;
				ENABLE_PREVIEWS = YES;
				GENERATE_INFOPLIST_FILE = YES;
				INFOPLIST_FILE = TeumTeumEat/Info.plist;
				INFOPLIST_KEY_LSApplicationCategoryType = "public.app-category.productivity";
				INFOPLIST_KEY_UIApplicationSceneManifest_Generation = YES;
				INFOPLIST_KEY_UIApplicationSupportsIndirectInputEvents = YES;
				INFOPLIST_KEY_UILaunchScreen_Generation = YES;
				INFOPLIST_KEY_UISupportedInterfaceOrientations = UIInterfaceOrientationPortrait;
				INFOPLIST_KEY_UISupportedInterfaceOrientations_iPad = "UIInterfaceOrientationLandscapeLeft UIInterfaceOrientationLandscapeRight UIInterfaceOrientationPortrait UIInterfaceOrientationPortraitUpsideDown";
				IPHONEOS_DEPLOYMENT_TARGET = 17.0;
				LD_RUNPATH_SEARCH_PATHS = (
					"$(inherited)",
					"@executable_path/Frameworks",
				);
				MARKETING_VERSION = 1.0.3;
				PRODUCT_BUNDLE_IDENTIFIER = com.TeumTeumEat;
				PRODUCT_NAME = "$(TARGET_NAME)";
				PROVISIONING_PROFILE_SPECIFIER = "";
				SUPPORTED_PLATFORMS = "iphoneos iphonesimulator";
				SUPPORTS_MACCATALYST = NO;
				SUPPORTS_XR_DESIGNED_FOR_IPHONE_IPAD = NO;
				SWIFT_EMIT_LOC_STRINGS = YES;
				SWIFT_VERSION = 5.0;
				TARGETED_DEVICE_FAMILY = 1;
			};
			name = Debug;
		};
		46FE66912EE17711009E626A /* Release */ = {
			isa = XCBuildConfiguration;
			baseConfigurationReferenceAnchor = 46FE66702EE1770E009E626A /* TeumTeumEat */;
			baseConfigurationReferenceRelativePath = Resources/Config.xcconfig;
			buildSettings = {
				ASSETCATALOG_COMPILER_APPICON_NAME = AppIcon;
				ASSETCATALOG_COMPILER_GLOBAL_ACCENT_COLOR_NAME = AccentColor;
				CODE_SIGN_ENTITLEMENTS = TeumTeumEat/TeumTeumEat.entitlements;
				CODE_SIGN_IDENTITY = "Apple Development";
				CODE_SIGN_STYLE = Automatic;
				CURRENT_PROJECT_VERSION = 1;
				DEVELOPMENT_TEAM = 3PVV8DQPL6;
				ENABLE_PREVIEWS = YES;
				GENERATE_INFOPLIST_FILE = YES;
				INFOPLIST_FILE = TeumTeumEat/Info.plist;
				INFOPLIST_KEY_LSApplicationCategoryType = "public.app-category.productivity";
				INFOPLIST_KEY_UIApplicationSceneManifest_Generation = YES;
				INFOPLIST_KEY_UIApplicationSupportsIndirectInputEvents = YES;
				INFOPLIST_KEY_UILaunchScreen_Generation = YES;
				INFOPLIST_KEY_UISupportedInterfaceOrientations = UIInterfaceOrientationPortrait;
				INFOPLIST_KEY_UISupportedInterfaceOrientations_iPad = "UIInterfaceOrientationLandscapeLeft UIInterfaceOrientationLandscapeRight UIInterfaceOrientationPortrait UIInterfaceOrientationPortraitUpsideDown";
				IPHONEOS_DEPLOYMENT_TARGET = 17.0;
				LD_RUNPATH_SEARCH_PATHS = (
					"$(inherited)",
					"@executable_path/Frameworks",
				);
				MARKETING_VERSION = 1.0.3;
				PRODUCT_BUNDLE_IDENTIFIER = com.TeumTeumEat;
				PRODUCT_NAME = "$(TARGET_NAME)";
				PROVISIONING_PROFILE_SPECIFIER = "";
				SUPPORTED_PLATFORMS = "iphoneos iphonesimulator";
				SUPPORTS_MACCATALYST = NO;
				SUPPORTS_XR_DESIGNED_FOR_IPHONE_IPAD = NO;
				SWIFT_EMIT_LOC_STRINGS = YES;
				SWIFT_VERSION = 5.0;
				TARGETED_DEVICE_FAMILY = 1;
			};
			name = Release;
		};
		46FE66932EE17711009E626A /* Debug */ = {
			isa = XCBuildConfiguration;
			buildSettings = {
				BUNDLE_LOADER = "$(TEST_HOST)";
				CODE_SIGN_STYLE = Automatic;
				CURRENT_PROJECT_VERSION = 1;
				DEVELOPMENT_TEAM = 7K76RWRQBL;
				GENERATE_INFOPLIST_FILE = YES;
				IPHONEOS_DEPLOYMENT_TARGET = 18.5;
				MARKETING_VERSION = 1.0;
				PRODUCT_BUNDLE_IDENTIFIER = JaeHyeonLim9298.TeumTeumEatTests;
				PRODUCT_NAME = "$(TARGET_NAME)";
				SWIFT_EMIT_LOC_STRINGS = NO;
				SWIFT_VERSION = 5.0;
				TARGETED_DEVICE_FAMILY = "1,2";
				TEST_HOST = "$(BUILT_PRODUCTS_DIR)/TeumTeumEat.app/$(BUNDLE_EXECUTABLE_FOLDER_PATH)/TeumTeumEat";
			};
			name = Debug;
		};
		46FE66942EE17711009E626A /* Release */ = {
			isa = XCBuildConfiguration;
			buildSettings = {
				BUNDLE_LOADER = "$(TEST_HOST)";
				CODE_SIGN_STYLE = Automatic;
				CURRENT_PROJECT_VERSION = 1;
				DEVELOPMENT_TEAM = 7K76RWRQBL;
				GENERATE_INFOPLIST_FILE = YES;
				IPHONEOS_DEPLOYMENT_TARGET = 18.5;
				MARKETING_VERSION = 1.0;
				PRODUCT_BUNDLE_IDENTIFIER = JaeHyeonLim9298.TeumTeumEatTests;
				PRODUCT_NAME = "$(TARGET_NAME)";
				SWIFT_EMIT_LOC_STRINGS = NO;
				SWIFT_VERSION = 5.0;
				TARGETED_DEVICE_FAMILY = "1,2";
				TEST_HOST = "$(BUILT_PRODUCTS_DIR)/TeumTeumEat.app/$(BUNDLE_EXECUTABLE_FOLDER_PATH)/TeumTeumEat";
			};
			name = Release;
		};
		46FE66962EE17711009E626A /* Debug */ = {
			isa = XCBuildConfiguration;
			buildSettings = {
				CODE_SIGN_STYLE = Automatic;
				CURRENT_PROJECT_VERSION = 1;
				DEVELOPMENT_TEAM = 7K76RWRQBL;
				GENERATE_INFOPLIST_FILE = YES;
				MARKETING_VERSION = 1.0;
				PRODUCT_BUNDLE_IDENTIFIER = JaeHyeonLim9298.TeumTeumEatUITests;
				PRODUCT_NAME = "$(TARGET_NAME)";
				SWIFT_EMIT_LOC_STRINGS = NO;
				SWIFT_VERSION = 5.0;
				TARGETED_DEVICE_FAMILY = "1,2";
				TEST_TARGET_NAME = TeumTeumEat;
			};
			name = Debug;
		};
		46FE66972EE17711009E626A /* Release */ = {
			isa = XCBuildConfiguration;
			buildSettings = {
				CODE_SIGN_STYLE = Automatic;
				CURRENT_PROJECT_VERSION = 1;
				DEVELOPMENT_TEAM = 7K76RWRQBL;
				GENERATE_INFOPLIST_FILE = YES;
				MARKETING_VERSION = 1.0;
				PRODUCT_BUNDLE_IDENTIFIER = JaeHyeonLim9298.TeumTeumEatUITests;
				PRODUCT_NAME = "$(TARGET_NAME)";
				SWIFT_EMIT_LOC_STRINGS = NO;
				SWIFT_VERSION = 5.0;
				TARGETED_DEVICE_FAMILY = "1,2";
				TEST_TARGET_NAME = TeumTeumEat;
			};
			name = Release;
		};
/* End XCBuildConfiguration section */

/* Begin XCConfigurationList section */
		46FE66692EE1770D009E626A /* Build configuration list for PBXProject "TeumTeumEat" */ = {
			isa = XCConfigurationList;
			buildConfigurations = (
				46FE668D2EE17711009E626A /* Debug */,
				46FE668E2EE17711009E626A /* Release */,
			);
			defaultConfigurationIsVisible = 0;
			defaultConfigurationName = Release;
		};
		46FE668F2EE17711009E626A /* Build configuration list for PBXNativeTarget "TeumTeumEat" */ = {
			isa = XCConfigurationList;
			buildConfigurations = (
				46FE66902EE17711009E626A /* Debug */,
				46FE66912EE17711009E626A /* Release */,
			);
			defaultConfigurationIsVisible = 0;
			defaultConfigurationName = Release;
		};
		46FE66922EE17711009E626A /* Build configuration list for PBXNativeTarget "TeumTeumEatTests" */ = {
			isa = XCConfigurationList;
			buildConfigurations = (
				46FE66932EE17711009E626A /* Debug */,
				46FE66942EE17711009E626A /* Release */,
			);
			defaultConfigurationIsVisible = 0;
			defaultConfigurationName = Release;
		};
		46FE66952EE17711009E626A /* Build configuration list for PBXNativeTarget "TeumTeumEatUITests" */ = {
			isa = XCConfigurationList;
			buildConfigurations = (
				46FE66962EE17711009E626A /* Debug */,
				46FE66972EE17711009E626A /* Release */,
			);
			defaultConfigurationIsVisible = 0;
			defaultConfigurationName = Release;
		};
/* End XCConfigurationList section */

/* Begin XCRemoteSwiftPackageReference section */
		46AE2A9F2F0125BD0061B2EE /* XCRemoteSwiftPackageReference "kakao-ios-sdk" */ = {
			isa = XCRemoteSwiftPackageReference;
			repositoryURL = "https://github.com/kakao/kakao-ios-sdk";
			requirement = {
				kind = upToNextMajorVersion;
				minimumVersion = 2.26.0;
			};
		};
		46C6475A2F06B813009F030A /* XCRemoteSwiftPackageReference "swift-markdown-ui" */ = {
			isa = XCRemoteSwiftPackageReference;
			repositoryURL = "https://github.com/gonzalezreal/swift-markdown-ui";
			requirement = {
				kind = upToNextMajorVersion;
				minimumVersion = 2.4.1;
			};
		};
		46C647612F06D960009F030A /* XCRemoteSwiftPackageReference "lottie-ios" */ = {
			isa = XCRemoteSwiftPackageReference;
			repositoryURL = "https://github.com/airbnb/lottie-ios";
			requirement = {
				kind = upToNextMajorVersion;
				minimumVersion = 4.5.2;
			};
		};
		46C65A622F13E1FA009F030A /* XCRemoteSwiftPackageReference "firebase-ios-sdk" */ = {
			isa = XCRemoteSwiftPackageReference;
			repositoryURL = "https://github.com/firebase/firebase-ios-sdk";
			requirement = {
				kind = upToNextMajorVersion;
				minimumVersion = 12.7.0;
			};
		};
		46FE6B822EEACE0B009E626A /* XCRemoteSwiftPackageReference "swift-composable-architecture" */ = {
			isa = XCRemoteSwiftPackageReference;
			repositoryURL = "https://github.com/pointfreeco/swift-composable-architecture.git";
			requirement = {
				kind = upToNextMajorVersion;
				minimumVersion = 1.23.1;
			};
		};
/* End XCRemoteSwiftPackageReference section */

/* Begin XCSwiftPackageProductDependency section */
		46AE2AA02F0125BD0061B2EE /* KakaoSDK */ = {
			isa = XCSwiftPackageProductDependency;
			package = 46AE2A9F2F0125BD0061B2EE /* XCRemoteSwiftPackageReference "kakao-ios-sdk" */;
			productName = KakaoSDK;
		};
		46AE2AA22F0125BD0061B2EE /* KakaoSDKAuth */ = {
			isa = XCSwiftPackageProductDependency;
			package = 46AE2A9F2F0125BD0061B2EE /* XCRemoteSwiftPackageReference "kakao-ios-sdk" */;
			productName = KakaoSDKAuth;
		};
		46C6475B2F06B813009F030A /* MarkdownUI */ = {
			isa = XCSwiftPackageProductDependency;
			package = 46C6475A2F06B813009F030A /* XCRemoteSwiftPackageReference "swift-markdown-ui" */;
			productName = MarkdownUI;
		};
		46C647622F06D960009F030A /* Lottie */ = {
			isa = XCSwiftPackageProductDependency;
			package = 46C647612F06D960009F030A /* XCRemoteSwiftPackageReference "lottie-ios" */;
			productName = Lottie;
		};
		46C65A632F13E1FA009F030A /* FirebaseCore */ = {
			isa = XCSwiftPackageProductDependency;
			package = 46C65A622F13E1FA009F030A /* XCRemoteSwiftPackageReference "firebase-ios-sdk" */;
			productName = FirebaseCore;
		};
		46C65A6B2F13EB11009F030A /* FirebaseMessaging */ = {
			isa = XCSwiftPackageProductDependency;
			package = 46C65A622F13E1FA009F030A /* XCRemoteSwiftPackageReference "firebase-ios-sdk" */;
			productName = FirebaseMessaging;
		};
		46FE6B832EEACE0B009E626A /* ComposableArchitecture */ = {
			isa = XCSwiftPackageProductDependency;
			package = 46FE6B822EEACE0B009E626A /* XCRemoteSwiftPackageReference "swift-composable-architecture" */;
			productName = ComposableArchitecture;
		};
/* End XCSwiftPackageProductDependency section */
	};
	rootObject = 46FE66662EE1770D009E626A /* Project object */;
}
